
Microsoft Visual Studio Solution File, Format Version 12.00
# Visual Studio Version 17
VisualStudioVersion = 17.4.33213.308
MinimumVisualStudioVersion = 10.0.40219.1
Project("{FAE04EC0-301F-11D3-BF4B-00C04F79EFBC}") = "Jogo", "Jogo\Jogo.csproj", "{39F9E2EB-31C3-457C-803C-67291797A35E}"
EndProject
Global
	GlobalSection(SolutionConfigurationPlatforms) = preSolution
		Debug|Any CPU = Debug|Any CPU
		Release|Any CPU = Release|Any CPU
	EndGlobalSection
	GlobalSection(ProjectConfigurationPlatforms) = postSolution
		{39F9E2EB-31C3-457C-803C-67291797A35E}.Debug|Any CPU.ActiveCfg = Debug|Any CPU
		{39F9E2EB-31C3-457C-803C-67291797A35E}.Debug|Any CPU.Build.0 = Debug|Any CPU
		{39F9E2EB-31C3-457C-803C-67291797A35E}.Release|Any CPU.ActiveCfg = Release|Any CPU
		{39F9E2EB-31C3-457C-803C-67291797A35E}.Release|Any CPU.Build.0 = Release|Any CPU
	EndGlobalSection
	GlobalSection(SolutionProperties) = preSolution
		HideSolutionNode = FALSE
	EndGlobalSection
	GlobalSection(ExtensibilityGlobals) = postSolution
		SolutionGuid = {2F09A0F4-C250-4764-839C-EEF6153899E6}
	EndGlobalSection
EndGlobal
